PODS:
  - connectivity_plus (0.0.1):
    - Flutter
  - Flutter (1.0.0)
  - ObjectBox (5.2.0)
  - objectbox_flutter_libs (0.0.1):
    - Flutter
    - ObjectBox (= 5.2.0)

DEPENDENCIES:
  - connectivity_plus (from `.symlinks/plugins/connectivity_plus/ios`)
  - Flutter (from `Flutter`)
  - objectbox_flutter_libs (from `.symlinks/plugins/objectbox_flutter_libs/ios`)

SPEC REPOS:
  trunk:
    - ObjectBox

EXTERNAL SOURCES:
  connectivity_plus:
    :path: ".symlinks/plugins/connectivity_plus/ios"
  Flutter:
    :path: Flutter
  objectbox_flutter_libs:
    :path: ".symlinks/plugins/objectbox_flutter_libs/ios"

SPEC CHECKSUMS:
  connectivity_plus: 2a701ffec2c0ae28a48cf7540e279787e77c447d
  Flutter: cabc95a1d2626b1b06e7179b784ebcf0c0cde467
  ObjectBox: 946c1e8586aaa61e21b6661bab4948d06fdd51c4
  objectbox_flutter_libs: d9d54d064d119984b47add47fee13dab11ce1743

PODFILE CHECKSUM: ae9e65fc23486119b8e977fd41d9213f251e537a

COCOAPODS: 1.16.2
